github.com/hypershadow-io/contract/apitoken/model v1.0.0 h1:c1JWRKqIPgS6FFHOH9kiflC26MqZYwB3iU/7zRolbwU=
github.com/hypershadow-io/contract/apitoken/model v1.0.0/go.mod h1:uOSsSlMszFmw9XA7p4R9TTzEFVuEAr7z7hFhryMONRs=
github.com/hypershadow-io/contract/db v1.1.0 h1:BXkE8/OhwuUWQJ59rveYiLL8v/hzCXyhFvHBRbknqoc=
github.com/hypershadow-io/contract/db v1.1.0/go.mod h1:O/0PWYhCghDvJLOQSRyeFELq7IU9a3B/B0dLTPfQ6Aw=
github.com/hypershadow-io/contract/hook v1.0.0 h1:MCtElj7xJxupYhILddPOFRewZHVC9KWz+uKj8hG5jjs=
github.com/hypershadow-io/contract/hook v1.0.0/go.mod h1:2rCKsqteS6PXMVTEDTLd2rL0uXFC71Z6YLyAmwZ4vlk=
github.com/hypershadow-io/contract/meta v1.0.0 h1:rR1LR9o8qVY237NqKoVBCToKEf2d8D8V9iQqCKOTWjY=
github.com/hypershadow-io/contract/meta v1.0.0/go.mod h1:6/TTIgfnUs4/D+3q4gZOwpglr1GVQ6jYeZTlvkywTPk=
github.com/hypershadow-io/contract/qb v1.1.0 h1:RzmkQH/MbfRnAKag5diWbMYE3pat3duxXwyWuq1SCeA=
github.com/hypershadow-io/contract/qb v1.1.0/go.mod h1:rwaPfzqKpfBg6il+jAFPDFe2/5gwUW7fl0tbL7pqHas=
github.com/hypershadow-io/contract/utiliter v1.0.0 h1:cGa90lZEtR7rgvmXhlp2SoGi/yZBQQ5IycoeiPaL+cY=
github.com/hypershadow-io/contract/utiliter v1.0.0/go.mod h1:Imjn1ZbU5az2Ziakv/vCgo6kYrVtdHgCb2/MGcfSDFY=
