github.com/hypershadow-io/contract/choice v1.0.0 h1:IWO8j+JiB4MjK0A3kYI27raioGCpzzAQac2UntN6Em4=
github.com/hypershadow-io/contract/choice v1.0.0/go.mod h1:++x1tYSSErp4johBW+RoR6xWPyepZm95tovs2gDd+wo=
github.com/hypershadow-io/contract/operation/schema v1.0.1 h1:/v5VQVvIEaTOdsxBvxfO8w7ftpVieQ8iTgHDZaE6mbo=
github.com/hypershadow-io/contract/operation/schema v1.0.1/go.mod h1:jXaIe9lAAOgiz0Nol1MLZ0gkQvpvt511tzSB3kpLVgA=
github.com/hypershadow-io/contract/utilslice v1.0.0 h1:WYCDtW6SyQoXXEToA+Ed4uEoehm4BX7QhQtdXcqz9dk=
github.com/hypershadow-io/contract/utilslice v1.0.0/go.mod h1:xK4H9v//GEVBgzsRrLz2vpLHvRtwq0txNIRXZ4XqbqM=
