github.com/hypershadow-io/contract/eb v1.0.0 h1:/1FuLiG3soRQd/ETkNNexLlbwkneyXoQZeK3WAVRQOI=
github.com/hypershadow-io/contract/eb v1.0.0/go.mod h1:GTpPB8VqUO7DxB1JdJGQnxli+kTo0ZGsAIdyEG9r3Sc=
github.com/hypershadow-io/contract/meta v1.0.0 h1:rR1LR9o8qVY237NqKoVBCToKEf2d8D8V9iQqCKOTWjY=
github.com/hypershadow-io/contract/meta v1.0.0/go.mod h1:6/TTIgfnUs4/D+3q4gZOwpglr1GVQ6jYeZTlvkywTPk=
