github.com/hypershadow-io/contract/db v1.2.0 h1:RAAinyX7bM1JdaGqBxcOyZisY+q3+bFjeIrJark2KdM=
github.com/hypershadow-io/contract/db v1.2.0/go.mod h1:O/0PWYhCghDvJLOQSRyeFELq7IU9a3B/B0dLTPfQ6Aw=
github.com/hypershadow-io/contract/entity v1.0.0 h1:p8trCeTyMS7S1MfacyZHMeKEZhfEW5Xxf6g3FLjVLOE=
github.com/hypershadow-io/contract/entity v1.0.0/go.mod h1:taEyKU4waJ5wGuFlrgpRH5g4P9r517kz+N4qSYln2Ko=
github.com/hypershadow-io/contract/utiliter v1.0.0 h1:cGa90lZEtR7rgvmXhlp2SoGi/yZBQQ5IycoeiPaL+cY=
github.com/hypershadow-io/contract/utiliter v1.0.0/go.mod h1:Imjn1ZbU5az2Ziakv/vCgo6kYrVtdHgCb2/MGcfSDFY=
