github.com/hypershadow-io/contract/choice v1.0.0 h1:IWO8j+JiB4MjK0A3kYI27raioGCpzzAQac2UntN6Em4=
github.com/hypershadow-io/contract/choice v1.0.0/go.mod h1:++x1tYSSErp4johBW+RoR6xWPyepZm95tovs2gDd+wo=
github.com/hypershadow-io/contract/integration/schema v1.0.1 h1:5pLvbZiY0kv3HMePKKXmzXgS4CFa5NOfgvghKLSgKAs=
github.com/hypershadow-io/contract/integration/schema v1.0.1/go.mod h1:GbhhKV8WxwQg2oPYTR9wUaNmcZGYCyHJRUJn/cC4wqA=
github.com/hypershadow-io/contract/operation/schema v1.0.2 h1:ki0GlKmUwy23vLOhrcO75sUD7pB9fL2D/Ch3wg4WCgU=
github.com/hypershadow-io/contract/operation/schema v1.0.2/go.mod h1:jXaIe9lAAOgiz0Nol1MLZ0gkQvpvt511tzSB3kpLVgA=
