github.com/hypershadow-io/contract/identity v1.1.0 h1:X3ww04voFxn6Den47k2zQ93LD4xpxBCnDsbaNHNg/kM=
github.com/hypershadow-io/contract/identity v1.1.0/go.mod h1:KM6GIMWQDCeE0i9pqXVXpl1oTn5HJT85o2qPQAqGuug=
github.com/hypershadow-io/contract/metainfo/field v1.0.0 h1:ND+OaJCTHArjl22Ug6HdpRMJehiFL2A2vujnEvsPsbY=
github.com/hypershadow-io/contract/metainfo/field v1.0.0/go.mod h1:nleOlRu8kZNj2KGOu3edp0C/eUtQko9xpRwtBCO4xZ4=
